<Solution>
  <Project Path="Content.Server/Content.Server.csproj" />
  <Project Path="Content.Database/Content.Database.csproj" />
  <Project Path="Content.Tests/Content.Tests.csproj" />
  <Project Path="Content.Shared/Content.Shared.csproj" />
  <Project Path="Content.Client/Project-G.csproj" />
  <Project Path="tools/Balance.Core/Balance.Core.csproj" />
  <Project Path="tools/BalanceStudio/BalanceStudio.csproj" />
  <Project Path="tools/NavigationStudy/NavigationStudy.csproj" />
  <Project Path="tools/NavigationStudy.Bench/NavigationStudy.Bench.csproj" />

</Solution>
